# This file was autogenerated by Stack.
# You should not edit this file by hand.
# For more information, please see the documentation at:
#   https://docs.haskellstack.org/en/stable/lock_files

packages:
- completed:
    size: 1664896
    subdir: clash-ghc
    url: https://github.com/clash-lang/clash-compiler/archive/600aa7e2bf20eefe7f7b2dc739a6ecf3e09254a8.tar.gz
    name: clash-ghc
    version: 1.4.2
    sha256: 989baf41f8d55da1f18ba463ee8ef1c0d8f55bf72037be796bf9e77542d4499f
    pantry-tree:
      size: 4171
      sha256: 1bcf1556d0da5fce1efce764a61eccb1be66fc7e9a0b504adbea5655cb195bf8
  original:
    subdir: clash-ghc
    url: https://github.com/clash-lang/clash-compiler/archive/600aa7e2bf20eefe7f7b2dc739a6ecf3e09254a8.tar.gz
- completed:
    size: 1664896
    subdir: clash-prelude
    url: https://github.com/clash-lang/clash-compiler/archive/600aa7e2bf20eefe7f7b2dc739a6ecf3e09254a8.tar.gz
    name: clash-prelude
    version: 1.4.2
    sha256: 989baf41f8d55da1f18ba463ee8ef1c0d8f55bf72037be796bf9e77542d4499f
    pantry-tree:
      size: 13721
      sha256: de173371fb8d1e3a65e62a8ff5ac6f646264d3f7e72d6fbe103d9e770b1a79ef
  original:
    subdir: clash-prelude
    url: https://github.com/clash-lang/clash-compiler/archive/600aa7e2bf20eefe7f7b2dc739a6ecf3e09254a8.tar.gz
- completed:
    size: 1664896
    subdir: clash-lib
    url: https://github.com/clash-lang/clash-compiler/archive/600aa7e2bf20eefe7f7b2dc739a6ecf3e09254a8.tar.gz
    name: clash-lib
    version: 1.4.2
    sha256: 989baf41f8d55da1f18ba463ee8ef1c0d8f55bf72037be796bf9e77542d4499f
    pantry-tree:
      size: 19692
      sha256: 760a4f2ab66656a867fec31402898b4089e480206e98bd89093e3acb907be905
  original:
    subdir: clash-lib
    url: https://github.com/clash-lang/clash-compiler/archive/600aa7e2bf20eefe7f7b2dc739a6ecf3e09254a8.tar.gz
- completed:
    hackage: barbies-th-0.1.8@sha256:2855c0f80c683ad30295370e5d9e786d909355695054ae4126ae61ea5c7779c4,1085
    pantry-tree:
      size: 430
      sha256: 9dd90bc19f126c93f4f6220ae37dc84fa8754be54da79a8f64acf1dd79379f63
  original:
    hackage: barbies-th-0.1.8
- completed:
    hackage: monoidal-containers-0.6.0.1@sha256:f56ea8fe91ff93da140e38b8dab4b94437b901818c13ba72fc7fc802290323ee,2583
    pantry-tree:
      size: 569
      sha256: 3a43dbbb1839521aae37a2baa3fb3ad0cc61a0a8fc4e3aec1f7dda15b92a0279
  original:
    hackage: monoidal-containers-0.6.0.1
- completed:
    hackage: terminal-0.2.0.0@sha256:de6770ecaae3197c66ac1f0db5a80cf5a5b1d3b64a66a05b50f442de5ad39570,2977
    pantry-tree:
      size: 1775
      sha256: 54160663bf0cbcd1d9fa52e136740faaf91a82d1ca1efeb08e8e58575a7446e7
  original:
    hackage: terminal-0.2.0.0
- completed:
    hackage: retroclash-lib-0.1.0@sha256:5034289d3b41a21a873e19e16f40ef3f502c4faed1aee51acf210b86dd48d657,3139
    pantry-tree:
      size: 1212
      sha256: 2db95dd6aa37e7b84da82f39b76c68e6af986f81372192d7b2a4381516531525
  original:
    hackage: retroclash-lib-0.1.0
- completed:
    hackage: retroclash-sim-0.1.0@sha256:f4a83dd0c98e7f2bd41bfff748112d3b180f4bf7d3e66bcced54a6fe478e43ba,2408
    pantry-tree:
      size: 377
      sha256: 4addc5a473e11d2a79b3783d88743d981610492ac1bddd79ed25bd6f9788cc38
  original:
    hackage: retroclash-sim-0.1.0
- completed:
    hackage: clash-shake-0.1.0@sha256:fe0c046b60cd99817a20d7a911af0cc3a858bf0a2df18e4581aa51a71d6faf8f,1739
    pantry-tree:
      size: 570
      sha256: 664b2e356f5bfecdb2d3d1aae64d8774556f22a89029c723b9ed0fd7abdf0b0b
  original:
    hackage: clash-shake-0.1.0
- completed:
    hackage: clashilator-0.1.0@sha256:1bcd8c92b504d1eeb32fca24ceec07038b8fd7ec3614f7cc386c4ef529186a5d,2067
    pantry-tree:
      size: 749
      sha256: becf6f269fc5530f909403620cb178a9322fbc0e288ddb408f961d99ab90961a
  original:
    hackage: clashilator-0.1.0
snapshots:
- completed:
    size: 585817
    url: https://raw.githubusercontent.com/commercialhaskell/stackage-snapshots/master/lts/18/5.yaml
    sha256: 22d24d0dacad9c1450b9a174c28d203f9bb482a2a8da9710a2f2a9f4afee2887
  original: lts-18.5
